
Microsoft Visual Studio Solution File, Format Version 12.00
# Visual Studio Version 17
VisualStudioVersion = 17.0.32014.148
MinimumVisualStudioVersion = 10.0.40219.1
Project("{9A19103F-16F7-4668-BE54-9A1E7A4F7556}") = "hermes-api", "hermes-api\hermes-api.csproj", "{D542BEE7-7A1E-4783-974E-6AA6B19019DC}"
EndProject
Project("{E53339B2-1760-4266-BCC7-CA923CBCF16C}") = "docker-compose", "Docker\docker-compose.dcproj", "{5F1F60A8-AF20-4D49-89DA-D8380E3D144E}"
EndProject
Global
	GlobalSection(SolutionConfigurationPlatforms) = preSolution
		Debug|Any CPU = Debug|Any CPU
		Release|Any CPU = Release|Any CPU
	EndGlobalSection
	GlobalSection(ProjectConfigurationPlatforms) = postSolution
		{D542BEE7-7A1E-4783-974E-6AA6B19019DC}.Debug|Any CPU.ActiveCfg = Debug|Any CPU
		{D542BEE7-7A1E-4783-974E-6AA6B19019DC}.Debug|Any CPU.Build.0 = Debug|Any CPU
		{D542BEE7-7A1E-4783-974E-6AA6B19019DC}.Release|Any CPU.ActiveCfg = Release|Any CPU
		{D542BEE7-7A1E-4783-974E-6AA6B19019DC}.Release|Any CPU.Build.0 = Release|Any CPU
		{5F1F60A8-AF20-4D49-89DA-D8380E3D144E}.Debug|Any CPU.ActiveCfg = Debug|Any CPU
		{5F1F60A8-AF20-4D49-89DA-D8380E3D144E}.Debug|Any CPU.Build.0 = Debug|Any CPU
		{5F1F60A8-AF20-4D49-89DA-D8380E3D144E}.Release|Any CPU.ActiveCfg = Release|Any CPU
		{5F1F60A8-AF20-4D49-89DA-D8380E3D144E}.Release|Any CPU.Build.0 = Release|Any CPU
	EndGlobalSection
	GlobalSection(SolutionProperties) = preSolution
		HideSolutionNode = FALSE
	EndGlobalSection
	GlobalSection(ExtensibilityGlobals) = postSolution
		SolutionGuid = {6E32EC38-27E2-4CC7-A2C2-BC49E3CEEB8E}
	EndGlobalSection
EndGlobal
